Microsoft Visual Studio Solution File, Format Version 12.00
# Visual Studio 15
VisualStudioVersion = 15.0.27428.2043
MinimumVisualStudioVersion = 10.0.40219.1
Project("{2150E333-8FDC-42A3-9474-1A3956D46DE8}") = "src", "src", "{EB18D8C6-922F-4869-8E73-55C5EFAC5D6A}"
EndProject
Project("{2150E333-8FDC-42A3-9474-1A3956D46DE8}") = "Services", "Services", "{9D3F56E8-F85F-4BF3-A93C-44B291D9C1E0}"
EndProject
Project("{2150E333-8FDC-42A3-9474-1A3956D46DE8}") = "Apps", "Apps", "{8CCA9D59-9E7C-4922-8F32-6A82FF218DB0}"
EndProject
Project("{2150E333-8FDC-42A3-9474-1A3956D46DE8}") = "Tests", "Tests", "{8F58E06C-1122-4E43-9DB4-9F266D76C001}"
EndProject
Project("{2150E333-8FDC-42A3-9474-1A3956D46DE8}") = "Ordering", "Ordering", "{7C12CC0E-9DF6-4AF6-BA9F-0DB7906A1EE6}"
EndProject
Project("{9A19103F-16F7-4668-BE54-9A1E7A4F7556}") = "BizSoft.Ordering.WebApi", "BizSoft.Ordering.WebApi\BizSoft.Ordering.WebApi.csproj", "{63AD7CCE-6254-48DC-A9EF-246ED749B658}"
EndProject
Project("{E53339B2-1760-4266-BCC7-CA923CBCF16C}") = "docker-compose", "docker-compose.dcproj", "{AE2E5ABC-FA55-4997-AD97-78F5303CD48B}"
EndProject
Project("{9A19103F-16F7-4668-BE54-9A1E7A4F7556}") = "BizSoft.Ordering.Core", "BizSoft.Ordering.Core\BizSoft.Ordering.Core.csproj", "{A9479758-A402-41E0-9B37-0F6FD36B41CA}"
EndProject
Project("{9A19103F-16F7-4668-BE54-9A1E7A4F7556}") = "BizSoft.Ordering.EntityFrameworkCore", "BizSoft.Ordering.EntityFrameworkCore\BizSoft.Ordering.EntityFrameworkCore.csproj", "{AF64E993-2C69-42CC-B323-DDDD980FDE1C}"
EndProject
Project("{2150E333-8FDC-42A3-9474-1A3956D46DE8}") = "Web", "Web", "{875F344D-FFEC-4118-AB2A-8DDC67FF955D}"
EndProject
Project("{9A19103F-16F7-4668-BE54-9A1E7A4F7556}") = "MvcCore", "..\MvcCore\MvcCore.csproj", "{0E9556C6-BDA7-481D-8847-1A3EFAEB2C55}"
EndProject
Project("{2150E333-8FDC-42A3-9474-1A3956D46DE8}") = "Common", "Common", "{EAD5E76D-83C3-4051-9DC2-A868025754EA}"
EndProject
Project("{9A19103F-16F7-4668-BE54-9A1E7A4F7556}") = "BizSoft.Resilience.Http", "..\BizSoft.Resilience.Http\BizSoft.Resilience.Http.csproj", "{8018BC26-3788-4E65-B034-DB6ED3C97479}"
EndProject
Project("{9A19103F-16F7-4668-BE54-9A1E7A4F7556}") = "BizSoft.EventBus", "..\BizSoft.EventBus\BizSoft.EventBus.csproj", "{B15683BA-22A8-48AA-911A-ADFEC941C130}"
EndProject
Project("{9A19103F-16F7-4668-BE54-9A1E7A4F7556}") = "BizSoft.WebHost.Customization", "..\BizSoft.WebHost.Customization\BizSoft.WebHost.Customization.csproj", "{9529DC2C-D97A-4AA2-A87C-3028C35F11F1}"
EndProject
Project("{9A19103F-16F7-4668-BE54-9A1E7A4F7556}") = "BizSoft.IntegrationEventLogEf", "..\BizSoft.IntegrationEventLogEf\BizSoft.IntegrationEventLogEf.csproj", "{3416E8D4-8C4C-4549-851E-51267552CCD3}"
EndProject
Project("{2150E333-8FDC-42A3-9474-1A3956D46DE8}") = "Catalog", "Catalog", "{D0D3CF71-1E7C-4E39-9C70-3ED8560C9683}"
EndProject
Project("{9A19103F-16F7-4668-BE54-9A1E7A4F7556}") = "Catalog.WebApi", "Catalog.WebApi\Catalog.WebApi.csproj", "{E2BB7A77-CAA7-4F97-A4C8-C5B675ABD76C}"
EndProject
Project("{FAE04EC0-301F-11D3-BF4B-00C04F79EFBC}") = "BizSoft.Common", "..\BizSoft.Common\BizSoft.Common.csproj", "{7D537B7B-196A-4DD7-B40B-FD7BA43C8510}"
EndProject
Project("{FAE04EC0-301F-11D3-BF4B-00C04F79EFBC}") = "BizSoft.EventBusServiceBus", "BizSoft.EventBusServiceBus\BizSoft.EventBusServiceBus.csproj", "{3F6B2387-FC56-4EDD-88E2-4A4C1C20079A}"
EndProject
Project("{FAE04EC0-301F-11D3-BF4B-00C04F79EFBC}") = "BizSoft.EventBusRabbitMq", "BizSoft.EventBusRabbitMq\BizSoft.EventBusRabbitMq.csproj", "{E3E04FD4-3F10-435C-B9C2-268693A8E4F8}"
EndProject
Global
	GlobalSection(SolutionConfigurationPlatforms) = preSolution
		Debug|Any CPU = Debug|Any CPU
		Release|Any CPU = Release|Any CPU
	EndGlobalSection
	GlobalSection(ProjectConfigurationPlatforms) = postSolution
		{63AD7CCE-6254-48DC-A9EF-246ED749B658}.Debug|Any CPU.ActiveCfg = Debug|Any CPU
		{63AD7CCE-6254-48DC-A9EF-246ED749B658}.Debug|Any CPU.Build.0 = Debug|Any CPU
		{63AD7CCE-6254-48DC-A9EF-246ED749B658}.Release|Any CPU.ActiveCfg = Release|Any CPU
		{63AD7CCE-6254-48DC-A9EF-246ED749B658}.Release|Any CPU.Build.0 = Release|Any CPU
		{AE2E5ABC-FA55-4997-AD97-78F5303CD48B}.Debug|Any CPU.ActiveCfg = Debug|Any CPU
		{AE2E5ABC-FA55-4997-AD97-78F5303CD48B}.Debug|Any CPU.Build.0 = Debug|Any CPU
		{AE2E5ABC-FA55-4997-AD97-78F5303CD48B}.Release|Any CPU.ActiveCfg = Release|Any CPU
		{AE2E5ABC-FA55-4997-AD97-78F5303CD48B}.Release|Any CPU.Build.0 = Release|Any CPU
		{A9479758-A402-41E0-9B37-0F6FD36B41CA}.Debug|Any CPU.ActiveCfg = Debug|Any CPU
		{A9479758-A402-41E0-9B37-0F6FD36B41CA}.Debug|Any CPU.Build.0 = Debug|Any CPU
		{A9479758-A402-41E0-9B37-0F6FD36B41CA}.Release|Any CPU.ActiveCfg = Release|Any CPU
		{A9479758-A402-41E0-9B37-0F6FD36B41CA}.Release|Any CPU.Build.0 = Release|Any CPU
		{AF64E993-2C69-42CC-B323-DDDD980FDE1C}.Debug|Any CPU.ActiveCfg = Debug|Any CPU
		{AF64E993-2C69-42CC-B323-DDDD980FDE1C}.Debug|Any CPU.Build.0 = Debug|Any CPU
		{AF64E993-2C69-42CC-B323-DDDD980FDE1C}.Release|Any CPU.ActiveCfg = Release|Any CPU
		{AF64E993-2C69-42CC-B323-DDDD980FDE1C}.Release|Any CPU.Build.0 = Release|Any CPU
		{0E9556C6-BDA7-481D-8847-1A3EFAEB2C55}.Debug|Any CPU.ActiveCfg = Debug|Any CPU
		{0E9556C6-BDA7-481D-8847-1A3EFAEB2C55}.Debug|Any CPU.Build.0 = Debug|Any CPU
		{0E9556C6-BDA7-481D-8847-1A3EFAEB2C55}.Release|Any CPU.ActiveCfg = Release|Any CPU
		{0E9556C6-BDA7-481D-8847-1A3EFAEB2C55}.Release|Any CPU.Build.0 = Release|Any CPU
		{8018BC26-3788-4E65-B034-DB6ED3C97479}.Debug|Any CPU.ActiveCfg = Debug|Any CPU
		{8018BC26-3788-4E65-B034-DB6ED3C97479}.Debug|Any CPU.Build.0 = Debug|Any CPU
		{8018BC26-3788-4E65-B034-DB6ED3C97479}.Release|Any CPU.ActiveCfg = Release|Any CPU
		{8018BC26-3788-4E65-B034-DB6ED3C97479}.Release|Any CPU.Build.0 = Release|Any CPU
		{B15683BA-22A8-48AA-911A-ADFEC941C130}.Debug|Any CPU.ActiveCfg = Debug|Any CPU
		{B15683BA-22A8-48AA-911A-ADFEC941C130}.Debug|Any CPU.Build.0 = Debug|Any CPU
		{B15683BA-22A8-48AA-911A-ADFEC941C130}.Release|Any CPU.ActiveCfg = Release|Any CPU
		{B15683BA-22A8-48AA-911A-ADFEC941C130}.Release|Any CPU.Build.0 = Release|Any CPU
		{9529DC2C-D97A-4AA2-A87C-3028C35F11F1}.Debug|Any CPU.ActiveCfg = Debug|Any CPU
		{9529DC2C-D97A-4AA2-A87C-3028C35F11F1}.Debug|Any CPU.Build.0 = Debug|Any CPU
		{9529DC2C-D97A-4AA2-A87C-3028C35F11F1}.Release|Any CPU.ActiveCfg = Release|Any CPU
		{9529DC2C-D97A-4AA2-A87C-3028C35F11F1}.Release|Any CPU.Build.0 = Release|Any CPU
		{3416E8D4-8C4C-4549-851E-51267552CCD3}.Debug|Any CPU.ActiveCfg = Debug|Any CPU
		{3416E8D4-8C4C-4549-851E-51267552CCD3}.Debug|Any CPU.Build.0 = Debug|Any CPU
		{3416E8D4-8C4C-4549-851E-51267552CCD3}.Release|Any CPU.ActiveCfg = Release|Any CPU
		{3416E8D4-8C4C-4549-851E-51267552CCD3}.Release|Any CPU.Build.0 = Release|Any CPU
		{E2BB7A77-CAA7-4F97-A4C8-C5B675ABD76C}.Debug|Any CPU.ActiveCfg = Debug|Any CPU
		{E2BB7A77-CAA7-4F97-A4C8-C5B675ABD76C}.Debug|Any CPU.Build.0 = Debug|Any CPU
		{E2BB7A77-CAA7-4F97-A4C8-C5B675ABD76C}.Release|Any CPU.ActiveCfg = Release|Any CPU
		{E2BB7A77-CAA7-4F97-A4C8-C5B675ABD76C}.Release|Any CPU.Build.0 = Release|Any CPU
		{7D537B7B-196A-4DD7-B40B-FD7BA43C8510}.Debug|Any CPU.ActiveCfg = Debug|Any CPU
		{7D537B7B-196A-4DD7-B40B-FD7BA43C8510}.Debug|Any CPU.Build.0 = Debug|Any CPU
		{7D537B7B-196A-4DD7-B40B-FD7BA43C8510}.Release|Any CPU.ActiveCfg = Release|Any CPU
		{7D537B7B-196A-4DD7-B40B-FD7BA43C8510}.Release|Any CPU.Build.0 = Release|Any CPU
		{3F6B2387-FC56-4EDD-88E2-4A4C1C20079A}.Debug|Any CPU.ActiveCfg = Debug|Any CPU
		{3F6B2387-FC56-4EDD-88E2-4A4C1C20079A}.Debug|Any CPU.Build.0 = Debug|Any CPU
		{3F6B2387-FC56-4EDD-88E2-4A4C1C20079A}.Release|Any CPU.ActiveCfg = Release|Any CPU
		{3F6B2387-FC56-4EDD-88E2-4A4C1C20079A}.Release|Any CPU.Build.0 = Release|Any CPU
		{E3E04FD4-3F10-435C-B9C2-268693A8E4F8}.Debug|Any CPU.ActiveCfg = Debug|Any CPU
		{E3E04FD4-3F10-435C-B9C2-268693A8E4F8}.Debug|Any CPU.Build.0 = Debug|Any CPU
		{E3E04FD4-3F10-435C-B9C2-268693A8E4F8}.Release|Any CPU.ActiveCfg = Release|Any CPU
		{E3E04FD4-3F10-435C-B9C2-268693A8E4F8}.Release|Any CPU.Build.0 = Release|Any CPU
	EndGlobalSection
	GlobalSection(SolutionProperties) = preSolution
		HideSolutionNode = FALSE
	EndGlobalSection
	GlobalSection(NestedProjects) = preSolution
		{9D3F56E8-F85F-4BF3-A93C-44B291D9C1E0} = {EB18D8C6-922F-4869-8E73-55C5EFAC5D6A}
		{8CCA9D59-9E7C-4922-8F32-6A82FF218DB0} = {EB18D8C6-922F-4869-8E73-55C5EFAC5D6A}
		{8F58E06C-1122-4E43-9DB4-9F266D76C001} = {EB18D8C6-922F-4869-8E73-55C5EFAC5D6A}
		{7C12CC0E-9DF6-4AF6-BA9F-0DB7906A1EE6} = {9D3F56E8-F85F-4BF3-A93C-44B291D9C1E0}
		{63AD7CCE-6254-48DC-A9EF-246ED749B658} = {7C12CC0E-9DF6-4AF6-BA9F-0DB7906A1EE6}
		{A9479758-A402-41E0-9B37-0F6FD36B41CA} = {7C12CC0E-9DF6-4AF6-BA9F-0DB7906A1EE6}
		{AF64E993-2C69-42CC-B323-DDDD980FDE1C} = {7C12CC0E-9DF6-4AF6-BA9F-0DB7906A1EE6}
		{875F344D-FFEC-4118-AB2A-8DDC67FF955D} = {8CCA9D59-9E7C-4922-8F32-6A82FF218DB0}
		{0E9556C6-BDA7-481D-8847-1A3EFAEB2C55} = {875F344D-FFEC-4118-AB2A-8DDC67FF955D}
		{EAD5E76D-83C3-4051-9DC2-A868025754EA} = {EB18D8C6-922F-4869-8E73-55C5EFAC5D6A}
		{8018BC26-3788-4E65-B034-DB6ED3C97479} = {EAD5E76D-83C3-4051-9DC2-A868025754EA}
		{B15683BA-22A8-48AA-911A-ADFEC941C130} = {EAD5E76D-83C3-4051-9DC2-A868025754EA}
		{9529DC2C-D97A-4AA2-A87C-3028C35F11F1} = {EAD5E76D-83C3-4051-9DC2-A868025754EA}
		{3416E8D4-8C4C-4549-851E-51267552CCD3} = {EAD5E76D-83C3-4051-9DC2-A868025754EA}
		{D0D3CF71-1E7C-4E39-9C70-3ED8560C9683} = {9D3F56E8-F85F-4BF3-A93C-44B291D9C1E0}
		{E2BB7A77-CAA7-4F97-A4C8-C5B675ABD76C} = {D0D3CF71-1E7C-4E39-9C70-3ED8560C9683}
		{7D537B7B-196A-4DD7-B40B-FD7BA43C8510} = {EAD5E76D-83C3-4051-9DC2-A868025754EA}
		{3F6B2387-FC56-4EDD-88E2-4A4C1C20079A} = {EAD5E76D-83C3-4051-9DC2-A868025754EA}
		{E3E04FD4-3F10-435C-B9C2-268693A8E4F8} = {EAD5E76D-83C3-4051-9DC2-A868025754EA}
	EndGlobalSection
	GlobalSection(ExtensibilityGlobals) = postSolution
		SolutionGuid = {A688FB89-B5E4-4243-88F7-63862FBEFBD4}
	EndGlobalSection
EndGlobal
